
Microsoft Visual Studio Solution File, Format Version 12.00
# Visual Studio Version 16
VisualStudioVersion = 16.0.30611.23
MinimumVisualStudioVersion = 10.0.40219.1
Project("{FAE04EC0-301F-11D3-BF4B-00C04F79EFBC}") = "CpStnPRS", "CpStnPRS\CpStnPRS.csproj", "{45E47462-1B31-4EDB-BDE6-E4515A89026B}"
EndProject
Global
	GlobalSection(SolutionConfigurationPlatforms) = preSolution
		Debug|Any CPU = Debug|Any CPU
		Release|Any CPU = Release|Any CPU
	EndGlobalSection
	GlobalSection(ProjectConfigurationPlatforms) = postSolution
		{45E47462-1B31-4EDB-BDE6-E4515A89026B}.Debug|Any CPU.ActiveCfg = Debug|Any CPU
		{45E47462-1B31-4EDB-BDE6-E4515A89026B}.Debug|Any CPU.Build.0 = Debug|Any CPU
		{45E47462-1B31-4EDB-BDE6-E4515A89026B}.Release|Any CPU.ActiveCfg = Release|Any CPU
		{45E47462-1B31-4EDB-BDE6-E4515A89026B}.Release|Any CPU.Build.0 = Release|Any CPU
	EndGlobalSection
	GlobalSection(SolutionProperties) = preSolution
		HideSolutionNode = FALSE
	EndGlobalSection
	GlobalSection(ExtensibilityGlobals) = postSolution
		SolutionGuid = {7C162D21-BDC8-4500-BF74-139EBA8DFFA3}
	EndGlobalSection
EndGlobal
